
Microsoft Visual Studio Solution File, Format Version 12.00
# Visual Studio Version 16
VisualStudioVersion = 16.0.29409.12
MinimumVisualStudioVersion = 10.0.40219.1
Project("{FAE04EC0-301F-11D3-BF4B-00C04F79EFBC}") = "SinemaRezervasyon", "SinemaRezervasyon\SinemaRezervasyon.csproj", "{6AE853BF-A0C6-4557-B98B-94E1C286BBEE}"
EndProject
Global
	GlobalSection(SolutionConfigurationPlatforms) = preSolution
		Debug|Any CPU = Debug|Any CPU
		Release|Any CPU = Release|Any CPU
	EndGlobalSection
	GlobalSection(ProjectConfigurationPlatforms) = postSolution
		{6AE853BF-A0C6-4557-B98B-94E1C286BBEE}.Debug|Any CPU.ActiveCfg = Debug|Any CPU
		{6AE853BF-A0C6-4557-B98B-94E1C286BBEE}.Debug|Any CPU.Build.0 = Debug|Any CPU
		{6AE853BF-A0C6-4557-B98B-94E1C286BBEE}.Release|Any CPU.ActiveCfg = Release|Any CPU
		{6AE853BF-A0C6-4557-B98B-94E1C286BBEE}.Release|Any CPU.Build.0 = Release|Any CPU
	EndGlobalSection
	GlobalSection(SolutionProperties) = preSolution
		HideSolutionNode = FALSE
	EndGlobalSection
	GlobalSection(ExtensibilityGlobals) = postSolution
		SolutionGuid = {AED28E5F-8F83-41F6-9974-1F73D8868C34}
	EndGlobalSection
EndGlobal
